{
  "version": "9",
  "lockfileVersion": 3,
  "requires": true,
  "packages": {},
  "dependencies": {
    "clsx": {
      "version": "2.1.1",
      "resolved": "https://registry.npmjs.org/clsx/-/clsx-2.1.1.tgz",
      "integrity": "sha512-BqEF7EgK4ZkY5MGBf3UlklT/JH4ZgXW0hSdUjzOQg/XkNvzCGN8rQj/GZA59XxBJHsGbFz87qgFSYclWJnRLlLTw=="
    },
    "lucide-react": {
      "version": "1.23.0",
      "resolved": "https://registry.npmjs.org/lucide-react/-/lucide-react-1.23.0.tgz",
      "integrity": "sha512-pagB4kVfqslnmWr/htzISq44smq9pSj94rK0hmyfYNkegJRyYgzm5dr9qE+tqGqvj/wbcQQiSHU4kkyaOfk9hVQ=="
    },
    "next": {
      "version": "16.2.10",
      "resolved": "https://registry.npmjs.org/next/-/next-16.2.10.tgz",
      "integrity": "sha512-+3U0yXX6cxdsOOcCIlMYB1MqVg+VN3OaYv6qjGnEZPN+M8mH0Gwd47BX6qZ0Jj+thPI/XK6z8EWZV0L0U4VAPQg=="
    },
    "next-themes": {
      "version": "^0.4.6",
      "resolved": "https://registry.npmjs.org/next-themes/-/next-themes-0.4.6.tgz",
      "integrity": "sha512-+0mLD8rp+f4E1F5JgAk4l6kOM6Z5wso5r5pJqQG2zPv/2z6VslTmWAWV9QsMMPlEz1DqVYC0xMyR3xQ3bKPzQvQ=="
    },
    "react": {
      "version": "19.2.4",
      "resolved": "https://registry.npmjs.org/react/-/react-19.2.4.tgz",
      "integrity": "sha512-X8pdZjoeyOPDeKPiTVEG/bnZC5g32xBapXnW6knvMa+HVkvhxPQdvPcpwXuxI+TBU8x5mhtF8x/USW5LpWDhTQg=="
    },
    "react-dom": {
      "version": "19.2.4",
      "resolved": "https://registry.npmjs.org/react-dom/-/react-dom-19.2.4.tgz",
      "integrity": "sha512-5fgEbkJvJ+2qDGzK8ILZv+4qO1j8MZVFwHc8ZcBI64vM90yTx8hpuYO2CYhnxwq7UuGac8xr2CzuAlUU39tYNSw=="
    },
    "react-markdown": {
      "version": "^10.1.0",
      "resolved": "https://registry.npmjs.org/react-markdown/-/react-markdown-10.1.0.tgz",
      "integrity": "sha512-Jh4Po1tfYndd0KDT9Oyoia8r7pjmmT1LmKOVaGDLUHaVn2MgWg2sI3vTbuW+3Q4crTQc64xJ3v9TaRcwJ1HnmAQ=="
    },
    "rehype-highlight": {
      "version": "^7.0.2",
      "resolved": "https://registry.npmjs.org/rehype-highlight/-/rehype-highlight-7.0.2.tgz",
      "integrity": "sha512-fz1R5BeOTF+9DrY5Sl944VgoTNm+4i3m9y4O7IoDF7zyD8Vj7LPJO/3Qs6r3/0gjZvPaKH5b3rHooThWu5GILMA=="
    },
    "rehype-raw": {
      "version": "^7.0.0",
      "resolved": "https://registry.npmjs.org/rehype-raw/-/rehype-raw-7.0.0.tgz",
      "integrity": "sha512-dDLlH6VN2eQb+7BXrW42U7bG0U2loqqHHy9mhd+BYtx/HMulDK6I42oG7uXeAPRw+hRJU8EbFtFu4FhBEYBK8w=="
    },
    "remark-gfm": {
      "version": "^4.0.1",
      "resolved": "https://registry.npmjs.org/remark-gfm/-/remark-gfm-4.0.1.tgz",
      "integrity": "sha512-c9U9zABLGgidrLsdLoXv/6jASsq3c/rd8TpkJJ74tRwPkcYy8vVxX8qKToMsEevMIP5PE/P/u8RV8m8Z8iM7sFA=="
    },
    "tailwind-merge": {
      "version": "^3.6.0",
      "resolved": "https://registry.npmjs.org/tailwind-merge/-/tailwind-merge-3.6.0.tgz",
      "integrity": "sha512-/rKkyV+6rPBdGv+yJGfVqI2/DhaCwhZiJgUr+cdIX8Ucql7rYg05Zv/z0YBvCd0WE3Qj5cWbszJxj+xbGG07g6Q=="
    }
  }
}